
Microsoft Visual Studio Solution File, Format Version 12.00
# Visual Studio Version 17
VisualStudioVersion = 17.5.002.0
MinimumVisualStudioVersion = 10.0.40219.1
Project("{9A19103F-16F7-4668-BE54-9A1E7A4F7556}") = "FFVSP", "FFVSP.csproj", "{A8F7D131-798A-4DE9-B369-969C2076411B}"
EndProject
Global
	GlobalSection(SolutionConfigurationPlatforms) = preSolution
		Debug|Any CPU = Debug|Any CPU
		Release|Any CPU = Release|Any CPU
	EndGlobalSection
	GlobalSection(ProjectConfigurationPlatforms) = postSolution
		{A8F7D131-798A-4DE9-B369-969C2076411B}.Debug|Any CPU.ActiveCfg = Debug|Any CPU
		{A8F7D131-798A-4DE9-B369-969C2076411B}.Debug|Any CPU.Build.0 = Debug|Any CPU
		{A8F7D131-798A-4DE9-B369-969C2076411B}.Release|Any CPU.ActiveCfg = Release|Any CPU
		{A8F7D131-798A-4DE9-B369-969C2076411B}.Release|Any CPU.Build.0 = Release|Any CPU
	EndGlobalSection
	GlobalSection(SolutionProperties) = preSolution
		HideSolutionNode = FALSE
	EndGlobalSection
	GlobalSection(ExtensibilityGlobals) = postSolution
		SolutionGuid = {3F1702E3-9570-47AE-A0F1-C7DDB4CF43FF}
	EndGlobalSection
EndGlobal
